github.com/go-sql-driver/mysql v1.7.0 h1:ueSltNNllEqE3qcWBTD0iQd3IpL/6U+mJxLkazJ7YPc=
github.com/go-sql-driver/mysql v1.7.0/go.mod h1:OXbVy3sEdcQ2Doequ6Z5BW6fXNQTmx+9S1MCJN5yJMI=
github.com/google/uuid v1.3.0 h1:t6JiXgmwXMjEs8VusXIJk2BXHsn+wx8BZdTaoZ5fu7I=
github.com/google/uuid v1.3.0/go.mod h1:TIyPZe4MgqvfeYDBFedMoGGpEw/LqOeaOT+nhxU+yHo=
github.com/ipthomas/tukcnst v1.3.6 h1:tOx8U/phZdsNBD9ulWYM2OjYFxisJTgAnldQspYr6wg=
github.com/ipthomas/tukcnst v1.3.6/go.mod h1:ciOdJbw8hryjilsWjN0vhtF3ZbSfEKUd7wfzU0IZ2X8=
github.com/ipthomas/tukdbint v1.3.22 h1:TkNac8eAY3vbYUDCXJMfBHsvpn5+XlUpoSVBropyuvw=
github.com/ipthomas/tukdbint v1.3.22/go.mod h1:6MtJ3GCUJ8HUjaNoDka6uj3IyKkHybBsHVzdwRJxjmg=
github.com/ipthomas/tukhttp v1.3.10 h1:BqDL2htGAm2H6nOs0JXCcZ9p4HUIYVWCGq3fn5Pz8FU=
github.com/ipthomas/tukhttp v1.3.10/go.mod h1:PIStBCGEHy5VvicxQq4RMkVPDhOnez1AUnEha/X+zW0=
github.com/ipthomas/tukutil v1.3.10 h1:mf0ZQv+gv6BuxKqL7L+yjxhy5IYCGlOXAEvgQAq/Ko8=
github.com/ipthomas/tukutil v1.3.10/go.mod h1:jFcgJ2+neQwVUWgP2ACVgCExi+XDeK7a4NRzMOFhGI8=
